// !$*UTF8*$!
{
	archiveVersion = 1;
	classes = {
	};
	objectVersion = 77;
	objects = {

/* Begin PBXBuildFile section */
		AA0000000000000000000020 /* DomainModels.swift in Sources */ = {isa = PBXBuildFile; fileRef = AA0000000000000000000010 /* DomainModels.swift */; };
		AA0000000000000000000021 /* PatternTypes.swift in Sources */ = {isa = PBXBuildFile; fileRef = AA0000000000000000000011 /* PatternTypes.swift */; };
		AA0000000000000000000022 /* PatternNudgeRules.swift in Sources */ = {isa = PBXBuildFile; fileRef = AA0000000000000000000012 /* PatternNudgeRules.swift */; };
		AA0000000000000000000023 /* PatternNudgeRulesTests.swift in Sources */ = {isa = PBXBuildFile; fileRef = AA0000000000000000000013 /* PatternNudgeRulesTests.swift */; };
/* End PBXBuildFile section */

/* Begin PBXContainerItemProxy section */
		AA0000000000000000000050 /* PBXContainerItemProxy */ = {
			isa = PBXContainerItemProxy;
			containerPortal = AA0000000000000000000090 /* Project object */;
			proxyType = 1;
			remoteGlobalIDString = AA0000000000000000000030;
			remoteInfo = OwloryCore;
		};
/* End PBXContainerItemProxy section */

/* Begin PBXFileReference section */
		AA0000000000000000000010 /* DomainModels.swift */ = {isa = PBXFileReference; lastKnownFileType = sourcecode.swift; path = DomainModels.swift; sourceTree = "<group>"; };
		AA0000000000000000000011 /* PatternTypes.swift */ = {isa = PBXFileReference; lastKnownFileType = sourcecode.swift; path = PatternTypes.swift; sourceTree = "<group>"; };
		AA0000000000000000000012 /* PatternNudgeRules.swift */ = {isa = PBXFileReference; lastKnownFileType = sourcecode.swift; path = PatternNudgeRules.swift; sourceTree = "<group>"; };
		AA0000000000000000000013 /* PatternNudgeRulesTests.swift */ = {isa = PBXFileReference; lastKnownFileType = sourcecode.swift; path = PatternNudgeRulesTests.swift; sourceTree = "<group>"; };
		AA0000000000000000000014 /* OwloryCore.framework */ = {isa = PBXFileReference; explicitFileType = wrapper.framework; includeInIndex = 0; path = OwloryCore.framework; sourceTree = BUILT_PRODUCTS_DIR; };
		AA0000000000000000000015 /* OwloryCoreTests.xctest */ = {isa = PBXFileReference; explicitFileType = wrapper.cfbundle; includeInIndex = 0; path = OwloryCoreTests.xctest; sourceTree = BUILT_PRODUCTS_DIR; };
/* End PBXFileReference section */

/* Begin PBXFrameworksBuildPhase section */
		AA0000000000000000000041 /* Frameworks */ = {
			isa = PBXFrameworksBuildPhase;
			buildActionMask = 2147483647;
			files = (
			);
			runOnlyForDeploymentPostprocessing = 0;
		};
/* End PBXFrameworksBuildPhase section */

/* Begin PBXGroup section */
		AA0000000000000000000001 = {
			isa = PBXGroup;
			children = (
				AA0000000000000000000002 /* Owlory */,
				AA0000000000000000000005 /* OwloryCoreTests */,
				AA0000000000000000000006 /* Products */,
			);
			sourceTree = "<group>";
		};
		AA0000000000000000000002 /* Owlory */ = {
			isa = PBXGroup;
			children = (
				AA0000000000000000000003 /* Core */,
			);
			path = Owlory;
			sourceTree = "<group>";
		};
		AA0000000000000000000003 /* Core */ = {
			isa = PBXGroup;
			children = (
				AA0000000000000000000004 /* Domain */,
			);
			path = Core;
			sourceTree = "<group>";
		};
		AA0000000000000000000004 /* Domain */ = {
			isa = PBXGroup;
			children = (
				AA0000000000000000000010 /* DomainModels.swift */,
				AA0000000000000000000011 /* PatternTypes.swift */,
				AA0000000000000000000012 /* PatternNudgeRules.swift */,
			);
			path = Domain;
			sourceTree = "<group>";
		};
		AA0000000000000000000005 /* OwloryCoreTests */ = {
			isa = PBXGroup;
			children = (
				AA0000000000000000000013 /* PatternNudgeRulesTests.swift */,
			);
			path = OwloryCoreTests;
			sourceTree = "<group>";
		};
		AA0000000000000000000006 /* Products */ = {
			isa = PBXGroup;
			children = (
				AA0000000000000000000014 /* OwloryCore.framework */,
				AA0000000000000000000015 /* OwloryCoreTests.xctest */,
			);
			name = Products;
			sourceTree = "<group>";
		};
/* End PBXGroup section */

/* Begin PBXNativeTarget section */
		AA0000000000000000000030 /* OwloryCore */ = {
			isa = PBXNativeTarget;
			buildConfigurationList = AA0000000000000000000071 /* Build configuration list for PBXNativeTarget "OwloryCore" */;
			buildPhases = (
				AA0000000000000000000042 /* Sources */,
			);
			buildRules = (
			);
			dependencies = (
			);
			name = OwloryCore;
			productName = OwloryCore;
			productReference = AA0000000000000000000014 /* OwloryCore.framework */;
			productType = "com.apple.product-type.framework";
		};
		AA0000000000000000000031 /* OwloryCoreTests */ = {
			isa = PBXNativeTarget;
			buildConfigurationList = AA0000000000000000000072 /* Build configuration list for PBXNativeTarget "OwloryCoreTests" */;
			buildPhases = (
				AA0000000000000000000043 /* Sources */,
				AA0000000000000000000041 /* Frameworks */,
			);
			buildRules = (
			);
			dependencies = (
				AA0000000000000000000051 /* PBXTargetDependency */,
			);
			name = OwloryCoreTests;
			productName = OwloryCoreTests;
			productReference = AA0000000000000000000015 /* OwloryCoreTests.xctest */;
			productType = "com.apple.product-type.bundle.unit-test";
		};
/* End PBXNativeTarget section */

/* Begin PBXProject section */
		AA0000000000000000000090 /* Project object */ = {
			isa = PBXProject;
			attributes = {
				BuildIndependentTargetsInParallel = YES;
				LastUpgradeCheck = 2640;
				TargetAttributes = {
					AA0000000000000000000030 = {
						CreatedOnToolsVersion = 26.4;
					};
					AA0000000000000000000031 = {
						CreatedOnToolsVersion = 26.4;
						TestTargetID = AA0000000000000000000030;
					};
				};
			};
			buildConfigurationList = AA0000000000000000000070 /* Build configuration list for PBXProject "Owlory" */;
			developmentRegion = en;
			hasScannedForEncodings = 0;
			knownRegions = (
				en,
				Base,
			);
			mainGroup = AA0000000000000000000001;
			preferredProjectObjectVersion = 77;
			productRefGroup = AA0000000000000000000006 /* Products */;
			projectDirPath = "";
			projectRoot = "";
			targets = (
				AA0000000000000000000030 /* OwloryCore */,
				AA0000000000000000000031 /* OwloryCoreTests */,
			);
		};
/* End PBXProject section */

/* Begin PBXSourcesBuildPhase section */
		AA0000000000000000000042 /* Sources */ = {
			isa = PBXSourcesBuildPhase;
			buildActionMask = 2147483647;
			files = (
				AA0000000000000000000020 /* DomainModels.swift in Sources */,
				AA0000000000000000000021 /* PatternTypes.swift in Sources */,
				AA0000000000000000000022 /* PatternNudgeRules.swift in Sources */,
			);
			runOnlyForDeploymentPostprocessing = 0;
		};
		AA0000000000000000000043 /* Sources */ = {
			isa = PBXSourcesBuildPhase;
			buildActionMask = 2147483647;
			files = (
				AA0000000000000000000023 /* PatternNudgeRulesTests.swift in Sources */,
			);
			runOnlyForDeploymentPostprocessing = 0;
		};
/* End PBXSourcesBuildPhase section */

/* Begin PBXTargetDependency section */
		AA0000000000000000000051 /* PBXTargetDependency */ = {
			isa = PBXTargetDependency;
			target = AA0000000000000000000030 /* OwloryCore */;
			targetProxy = AA0000000000000000000050 /* PBXContainerItemProxy */;
		};
/* End PBXTargetDependency section */

/* Begin XCBuildConfiguration section */
		AA0000000000000000000060 /* Debug */ = {
			isa = XCBuildConfiguration;
			buildSettings = {
				ALWAYS_SEARCH_USER_PATHS = NO;
				CLANG_ENABLE_MODULES = YES;
				GCC_WARN_UNDECLARED_SELECTOR = YES;
				GCC_WARN_UNUSED_FUNCTION = YES;
				GCC_WARN_UNUSED_VARIABLE = YES;
				IPHONEOS_DEPLOYMENT_TARGET = 17.0;
				SDKROOT = iphoneos;
				SWIFT_ACTIVE_COMPILATION_CONDITIONS = DEBUG;
				SWIFT_OPTIMIZATION_LEVEL = "-Onone";
			};
			name = Debug;
		};
		AA0000000000000000000061 /* Release */ = {
			isa = XCBuildConfiguration;
			buildSettings = {
				ALWAYS_SEARCH_USER_PATHS = NO;
				CLANG_ENABLE_MODULES = YES;
				GCC_WARN_UNDECLARED_SELECTOR = YES;
				GCC_WARN_UNUSED_FUNCTION = YES;
				GCC_WARN_UNUSED_VARIABLE = YES;
				IPHONEOS_DEPLOYMENT_TARGET = 17.0;
				SDKROOT = iphoneos;
				SWIFT_COMPILATION_MODE = wholemodule;
			};
			name = Release;
		};
		AA0000000000000000000062 /* Debug */ = {
			isa = XCBuildConfiguration;
			buildSettings = {
				CLANG_ENABLE_MODULES = YES;
				CODE_SIGN_STYLE = Automatic;
				DEFINES_MODULE = YES;
				ENABLE_TESTABILITY = YES;
				GENERATE_INFOPLIST_FILE = YES;
				IPHONEOS_DEPLOYMENT_TARGET = 17.0;
				PRODUCT_BUNDLE_IDENTIFIER = com.owlory.OwloryCore;
				PRODUCT_MODULE_NAME = OwloryCore;
				PRODUCT_NAME = "$(TARGET_NAME)";
				SDKROOT = iphoneos;
				SUPPORTED_PLATFORMS = "iphoneos iphonesimulator";
				SWIFT_VERSION = 6.0;
				TARGETED_DEVICE_FAMILY = "1,2";
			};
			name = Debug;
		};
		AA0000000000000000000063 /* Release */ = {
			isa = XCBuildConfiguration;
			buildSettings = {
				CLANG_ENABLE_MODULES = YES;
				CODE_SIGN_STYLE = Automatic;
				DEFINES_MODULE = YES;
				GENERATE_INFOPLIST_FILE = YES;
				IPHONEOS_DEPLOYMENT_TARGET = 17.0;
				PRODUCT_BUNDLE_IDENTIFIER = com.owlory.OwloryCore;
				PRODUCT_MODULE_NAME = OwloryCore;
				PRODUCT_NAME = "$(TARGET_NAME)";
				SDKROOT = iphoneos;
				SUPPORTED_PLATFORMS = "iphoneos iphonesimulator";
				SWIFT_VERSION = 6.0;
				TARGETED_DEVICE_FAMILY = "1,2";
			};
			name = Release;
		};
		AA0000000000000000000064 /* Debug */ = {
			isa = XCBuildConfiguration;
			buildSettings = {
				BUNDLE_LOADER = "";
				CODE_SIGN_STYLE = Automatic;
				GENERATE_INFOPLIST_FILE = YES;
				IPHONEOS_DEPLOYMENT_TARGET = 17.0;
				LD_RUNPATH_SEARCH_PATHS = "$(inherited) @executable_path/Frameworks @loader_path/Frameworks";
				PRODUCT_BUNDLE_IDENTIFIER = com.owlory.OwloryCoreTests;
				PRODUCT_NAME = "$(TARGET_NAME)";
				SDKROOT = iphoneos;
				SUPPORTED_PLATFORMS = "iphoneos iphonesimulator";
				SWIFT_ACTIVE_COMPILATION_CONDITIONS = "DEBUG SWIFT_PACKAGE";
				SWIFT_VERSION = 6.0;
				TARGETED_DEVICE_FAMILY = "1,2";
				TEST_HOST = "";
				TEST_TARGET_NAME = OwloryCore;
			};
			name = Debug;
		};
		AA0000000000000000000065 /* Release */ = {
			isa = XCBuildConfiguration;
			buildSettings = {
				BUNDLE_LOADER = "";
				CODE_SIGN_STYLE = Automatic;
				GENERATE_INFOPLIST_FILE = YES;
				IPHONEOS_DEPLOYMENT_TARGET = 17.0;
				LD_RUNPATH_SEARCH_PATHS = "$(inherited) @executable_path/Frameworks @loader_path/Frameworks";
				PRODUCT_BUNDLE_IDENTIFIER = com.owlory.OwloryCoreTests;
				PRODUCT_NAME = "$(TARGET_NAME)";
				SDKROOT = iphoneos;
				SUPPORTED_PLATFORMS = "iphoneos iphonesimulator";
				SWIFT_ACTIVE_COMPILATION_CONDITIONS = SWIFT_PACKAGE;
				SWIFT_VERSION = 6.0;
				TARGETED_DEVICE_FAMILY = "1,2";
				TEST_HOST = "";
				TEST_TARGET_NAME = OwloryCore;
			};
			name = Release;
		};
/* End XCBuildConfiguration section */

/* Begin XCConfigurationList section */
		AA0000000000000000000070 /* Build configuration list for PBXProject "Owlory" */ = {
			isa = XCConfigurationList;
			buildConfigurations = (
				AA0000000000000000000060 /* Debug */,
				AA0000000000000000000061 /* Release */,
			);
			defaultConfigurationIsVisible = 0;
			defaultConfigurationName = Release;
		};
		AA0000000000000000000071 /* Build configuration list for PBXNativeTarget "OwloryCore" */ = {
			isa = XCConfigurationList;
			buildConfigurations = (
				AA0000000000000000000062 /* Debug */,
				AA0000000000000000000063 /* Release */,
			);
			defaultConfigurationIsVisible = 0;
			defaultConfigurationName = Release;
		};
		AA0000000000000000000072 /* Build configuration list for PBXNativeTarget "OwloryCoreTests" */ = {
			isa = XCConfigurationList;
			buildConfigurations = (
				AA0000000000000000000064 /* Debug */,
				AA0000000000000000000065 /* Release */,
			);
			defaultConfigurationIsVisible = 0;
			defaultConfigurationName = Release;
		};
/* End XCConfigurationList section */
	};
	rootObject = AA0000000000000000000090 /* Project object */;
}
